
Microsoft Visual Studio Solution File, Format Version 12.00
# Visual Studio Version 16
VisualStudioVersion = 16.0.35130.168
MinimumVisualStudioVersion = 10.0.40219.1
Project("{FAE04EC0-301F-11D3-BF4B-00C04F79EFBC}") = "CurrencyConverter", "CurrencyConverter\CurrencyConverter.csproj", "{74E10F83-B308-4676-BCE1-279EE30B5E5A}"
EndProject
Global
	GlobalSection(SolutionConfigurationPlatforms) = preSolution
		Debug|Any CPU = Debug|Any CPU
		Release|Any CPU = Release|Any CPU
	EndGlobalSection
	GlobalSection(ProjectConfigurationPlatforms) = postSolution
		{74E10F83-B308-4676-BCE1-279EE30B5E5A}.Debug|Any CPU.ActiveCfg = Debug|Any CPU
		{74E10F83-B308-4676-BCE1-279EE30B5E5A}.Debug|Any CPU.Build.0 = Debug|Any CPU
		{74E10F83-B308-4676-BCE1-279EE30B5E5A}.Release|Any CPU.ActiveCfg = Release|Any CPU
		{74E10F83-B308-4676-BCE1-279EE30B5E5A}.Release|Any CPU.Build.0 = Release|Any CPU
	EndGlobalSection
	GlobalSection(SolutionProperties) = preSolution
		HideSolutionNode = FALSE
	EndGlobalSection
	GlobalSection(ExtensibilityGlobals) = postSolution
		SolutionGuid = {316051D0-9C06-41CF-9ED6-AF4A24AA2E39}
	EndGlobalSection
EndGlobal
